{
  "object": {
    "pins": [
      {
        "package": "Socket",
        "repositoryURL": "https://github.com/IBM-Swift/BlueSocket.git",
        "state": {
          "branch": null,
          "revision": "f82e1401f04f62b2e8ce4670456d104466957810",
          "version": "1.0.50"
        }
      },
      {
        "package": "SSLService",
        "repositoryURL": "https://github.com/IBM-Swift/BlueSSLService",
        "state": {
          "branch": null,
          "revision": "d6616def31a12088034f0a63ed4646772eff5bce",
          "version": "1.0.50"
        }
      }
    ]
  },
  "version": 1
}
