{
  "object": {
    "pins": [
      {
        "package": "Socket",
        "repositoryURL": "https://github.com/IBM-Swift/BlueSocket.git",
        "state": {
          "branch": null,
          "revision": "270f7bd2ea9d81878022d604f4f3577ce6c1703d",
          "version": "2.0.3"
        }
      },
      {
        "package": "SSLService",
        "repositoryURL": "https://github.com/IBM-Swift/BlueSSLService",
        "state": {
          "branch": null,
          "revision": "c249988fb748749739144e7f554710552acdc0bd",
          "version": "2.0.1"
        }
      }
    ]
  },
  "version": 1
}
